// !$*UTF8*$!
{
	archiveVersion = 1;
	classes = {
	};
	objectVersion = 56;
	objects = {

/* Begin PBXBuildFile section */
		1837986B2938EE0100B15D98 /* WidgetKit.framework in Frameworks */ = {isa = PBXBuildFile; fileRef = 1837986A2938EE0100B15D98 /* WidgetKit.framework */; };
		1837986D2938EE0200B15D98 /* SwiftUI.framework in Frameworks */ = {isa = PBXBuildFile; fileRef = 1837986C2938EE0200B15D98 /* SwiftUI.framework */; };
		183798702938EE0200B15D98 /* ViewSizeWidget.swift in Sources */ = {isa = PBXBuildFile; fileRef = 1837986F2938EE0200B15D98 /* ViewSizeWidget.swift */; };
		183798722938EE0400B15D98 /* Assets.xcassets in Resources */ = {isa = PBXBuildFile; fileRef = 183798712938EE0400B15D98 /* Assets.xcassets */; };
		183798762938EE0400B15D98 /* ViewSizeWidgetExtension.appex in Embed Foundation Extensions */ = {isa = PBXBuildFile; fileRef = 183798682938EE0100B15D98 /* ViewSizeWidgetExtension.appex */; settings = {ATTRIBUTES = (RemoveHeadersOnCopy, ); }; };
		18685FB4297EC8A500C690F7 /* WidgetKit.framework in Frameworks */ = {isa = PBXBuildFile; fileRef = 1837986A2938EE0100B15D98 /* WidgetKit.framework */; };
		18685FB5297EC8A500C690F7 /* SwiftUI.framework in Frameworks */ = {isa = PBXBuildFile; fileRef = 1837986C2938EE0200B15D98 /* SwiftUI.framework */; };
		18685FBC297EC8A500C690F7 /* DoggyWidget.swift in Sources */ = {isa = PBXBuildFile; fileRef = 18685FBB297EC8A500C690F7 /* DoggyWidget.swift */; };
		18685FBE297EC8A800C690F7 /* Assets.xcassets in Resources */ = {isa = PBXBuildFile; fileRef = 18685FBD297EC8A800C690F7 /* Assets.xcassets */; };
		18685FC2297EC8A800C690F7 /* DoggyWidgetExtension.appex in Embed Foundation Extensions */ = {isa = PBXBuildFile; fileRef = 18685FB3297EC8A500C690F7 /* DoggyWidgetExtension.appex */; settings = {ATTRIBUTES = (RemoveHeadersOnCopy, ); }; };
		18685FC8297ED1EC00C690F7 /* DoggyFetcher.swift in Sources */ = {isa = PBXBuildFile; fileRef = 18685FC6297ECF8800C690F7 /* DoggyFetcher.swift */; };
		18701D56295EE28800CA0F1E /* WidgetKit.framework in Frameworks */ = {isa = PBXBuildFile; fileRef = 1837986A2938EE0100B15D98 /* WidgetKit.framework */; };
		18701D57295EE28800CA0F1E /* SwiftUI.framework in Frameworks */ = {isa = PBXBuildFile; fileRef = 1837986C2938EE0200B15D98 /* SwiftUI.framework */; };
		18701D5A295EE28800CA0F1E /* CountdownWidget.swift in Sources */ = {isa = PBXBuildFile; fileRef = 18701D59295EE28800CA0F1E /* CountdownWidget.swift */; };
		18701D5C295EE29300CA0F1E /* Assets.xcassets in Resources */ = {isa = PBXBuildFile; fileRef = 18701D5B295EE29300CA0F1E /* Assets.xcassets */; };
		18701D60295EE29300CA0F1E /* CountdownWidgetExtension.appex in Embed Foundation Extensions */ = {isa = PBXBuildFile; fileRef = 18701D55295EE28800CA0F1E /* CountdownWidgetExtension.appex */; settings = {ATTRIBUTES = (RemoveHeadersOnCopy, ); }; };
		187E7E342943620B0000871A /* CircularWidgetView.swift in Sources */ = {isa = PBXBuildFile; fileRef = 187E7E332943620B0000871A /* CircularWidgetView.swift */; };
		187E7E36294362320000871A /* InlineWidgetView.swift in Sources */ = {isa = PBXBuildFile; fileRef = 187E7E35294362320000871A /* InlineWidgetView.swift */; };
		187E7E38294362410000871A /* RectangularWidgetView.swift in Sources */ = {isa = PBXBuildFile; fileRef = 187E7E37294362410000871A /* RectangularWidgetView.swift */; };
		18C99767298E4E2D00EDE784 /* WidgetKit.framework in Frameworks */ = {isa = PBXBuildFile; fileRef = 1837986A2938EE0100B15D98 /* WidgetKit.framework */; };
		18C99768298E4E2D00EDE784 /* SwiftUI.framework in Frameworks */ = {isa = PBXBuildFile; fileRef = 1837986C2938EE0200B15D98 /* SwiftUI.framework */; };
		18C9976B298E4E2E00EDE784 /* MyTextWidgetBundle.swift in Sources */ = {isa = PBXBuildFile; fileRef = 18C9976A298E4E2E00EDE784 /* MyTextWidgetBundle.swift */; };
		18C9976D298E4E2E00EDE784 /* MyTextWidget.swift in Sources */ = {isa = PBXBuildFile; fileRef = 18C9976C298E4E2E00EDE784 /* MyTextWidget.swift */; };
		18C99770298E4E3D00EDE784 /* Assets.xcassets in Resources */ = {isa = PBXBuildFile; fileRef = 18C9976F298E4E3D00EDE784 /* Assets.xcassets */; };
		18C99772298E4E3D00EDE784 /* MyTextWidget.intentdefinition in Sources */ = {isa = PBXBuildFile; fileRef = 18C9976E298E4E2E00EDE784 /* MyTextWidget.intentdefinition */; };
		18C99773298E4E3E00EDE784 /* MyTextWidget.intentdefinition in Sources */ = {isa = PBXBuildFile; fileRef = 18C9976E298E4E2E00EDE784 /* MyTextWidget.intentdefinition */; };
		18C99776298E4E3E00EDE784 /* MyTextWidgetExtension.appex in Embed Foundation Extensions */ = {isa = PBXBuildFile; fileRef = 18C99766298E4E2D00EDE784 /* MyTextWidgetExtension.appex */; settings = {ATTRIBUTES = (RemoveHeadersOnCopy, ); }; };
		18D1949A2938EC86007E343C /* SwiftSenpai_Widget_SampleApp.swift in Sources */ = {isa = PBXBuildFile; fileRef = 18D194992938EC86007E343C /* SwiftSenpai_Widget_SampleApp.swift */; };
		18D1949C2938EC86007E343C /* ContentView.swift in Sources */ = {isa = PBXBuildFile; fileRef = 18D1949B2938EC86007E343C /* ContentView.swift */; };
		18D1949E2938EC8A007E343C /* Assets.xcassets in Resources */ = {isa = PBXBuildFile; fileRef = 18D1949D2938EC8A007E343C /* Assets.xcassets */; };
		18D194A12938EC8A007E343C /* Preview Assets.xcassets in Resources */ = {isa = PBXBuildFile; fileRef = 18D194A02938EC8A007E343C /* Preview Assets.xcassets */; };
		18D52AFF2945FDBD00BCA6E8 /* HomeScreenWidgetView.swift in Sources */ = {isa = PBXBuildFile; fileRef = 18D52AFE2945FDBD00BCA6E8 /* HomeScreenWidgetView.swift */; };
/* End PBXBuildFile section */

/* Begin PBXContainerItemProxy section */
		183798742938EE0400B15D98 /* PBXContainerItemProxy */ = {
			isa = PBXContainerItemProxy;
			containerPortal = 18D1948E2938EC86007E343C /* Project object */;
			proxyType = 1;
			remoteGlobalIDString = 183798672938EE0100B15D98;
			remoteInfo = ViewSizeWidgetExtension;
		};
		18685FC0297EC8A800C690F7 /* PBXContainerItemProxy */ = {
			isa = PBXContainerItemProxy;
			containerPortal = 18D1948E2938EC86007E343C /* Project object */;
			proxyType = 1;
			remoteGlobalIDString = 18685FB2297EC8A500C690F7;
			remoteInfo = DoggyWidgetExtension;
		};
		18701D5E295EE29300CA0F1E /* PBXContainerItemProxy */ = {
			isa = PBXContainerItemProxy;
			containerPortal = 18D1948E2938EC86007E343C /* Project object */;
			proxyType = 1;
			remoteGlobalIDString = 18701D54295EE28800CA0F1E;
			remoteInfo = CountdownWidgetExtension;
		};
		18C99774298E4E3E00EDE784 /* PBXContainerItemProxy */ = {
			isa = PBXContainerItemProxy;
			containerPortal = 18D1948E2938EC86007E343C /* Project object */;
			proxyType = 1;
			remoteGlobalIDString = 18C99765298E4E2C00EDE784;
			remoteInfo = MyTextWidgetExtension;
		};
/* End PBXContainerItemProxy section */

/* Begin PBXCopyFilesBuildPhase section */
		183798772938EE0400B15D98 /* Embed Foundation Extensions */ = {
			isa = PBXCopyFilesBuildPhase;
			buildActionMask = 2147483647;
			dstPath = "";
			dstSubfolderSpec = 13;
			files = (
				18701D60295EE29300CA0F1E /* CountdownWidgetExtension.appex in Embed Foundation Extensions */,
				18C99776298E4E3E00EDE784 /* MyTextWidgetExtension.appex in Embed Foundation Extensions */,
				183798762938EE0400B15D98 /* ViewSizeWidgetExtension.appex in Embed Foundation Extensions */,
				18685FC2297EC8A800C690F7 /* DoggyWidgetExtension.appex in Embed Foundation Extensions */,
			);
			name = "Embed Foundation Extensions";
			runOnlyForDeploymentPostprocessing = 0;
		};
/* End PBXCopyFilesBuildPhase section */

/* Begin PBXFileReference section */
		183798682938EE0100B15D98 /* ViewSizeWidgetExtension.appex */ = {isa = PBXFileReference; explicitFileType = "wrapper.app-extension"; includeInIndex = 0; path = ViewSizeWidgetExtension.appex; sourceTree = BUILT_PRODUCTS_DIR; };
		1837986A2938EE0100B15D98 /* WidgetKit.framework */ = {isa = PBXFileReference; lastKnownFileType = wrapper.framework; name = WidgetKit.framework; path = System/Library/Frameworks/WidgetKit.framework; sourceTree = SDKROOT; };
		1837986C2938EE0200B15D98 /* SwiftUI.framework */ = {isa = PBXFileReference; lastKnownFileType = wrapper.framework; name = SwiftUI.framework; path = System/Library/Frameworks/SwiftUI.framework; sourceTree = SDKROOT; };
		1837986F2938EE0200B15D98 /* ViewSizeWidget.swift */ = {isa = PBXFileReference; lastKnownFileType = sourcecode.swift; path = ViewSizeWidget.swift; sourceTree = "<group>"; };
		183798712938EE0400B15D98 /* Assets.xcassets */ = {isa = PBXFileReference; lastKnownFileType = folder.assetcatalog; path = Assets.xcassets; sourceTree = "<group>"; };
		183798732938EE0400B15D98 /* Info.plist */ = {isa = PBXFileReference; lastKnownFileType = text.plist.xml; path = Info.plist; sourceTree = "<group>"; };
		18685FB3297EC8A500C690F7 /* DoggyWidgetExtension.appex */ = {isa = PBXFileReference; explicitFileType = "wrapper.app-extension"; includeInIndex = 0; path = DoggyWidgetExtension.appex; sourceTree = BUILT_PRODUCTS_DIR; };
		18685FBB297EC8A500C690F7 /* DoggyWidget.swift */ = {isa = PBXFileReference; lastKnownFileType = sourcecode.swift; path = DoggyWidget.swift; sourceTree = "<group>"; };
		18685FBD297EC8A800C690F7 /* Assets.xcassets */ = {isa = PBXFileReference; lastKnownFileType = folder.assetcatalog; path = Assets.xcassets; sourceTree = "<group>"; };
		18685FBF297EC8A800C690F7 /* Info.plist */ = {isa = PBXFileReference; lastKnownFileType = text.plist.xml; path = Info.plist; sourceTree = "<group>"; };
		18685FC6297ECF8800C690F7 /* DoggyFetcher.swift */ = {isa = PBXFileReference; lastKnownFileType = sourcecode.swift; path = DoggyFetcher.swift; sourceTree = "<group>"; };
		18701D55295EE28800CA0F1E /* CountdownWidgetExtension.appex */ = {isa = PBXFileReference; explicitFileType = "wrapper.app-extension"; includeInIndex = 0; path = CountdownWidgetExtension.appex; sourceTree = BUILT_PRODUCTS_DIR; };
		18701D59295EE28800CA0F1E /* CountdownWidget.swift */ = {isa = PBXFileReference; lastKnownFileType = sourcecode.swift; path = CountdownWidget.swift; sourceTree = "<group>"; };
		18701D5B295EE29300CA0F1E /* Assets.xcassets */ = {isa = PBXFileReference; lastKnownFileType = folder.assetcatalog; path = Assets.xcassets; sourceTree = "<group>"; };
		18701D5D295EE29300CA0F1E /* Info.plist */ = {isa = PBXFileReference; lastKnownFileType = text.plist.xml; path = Info.plist; sourceTree = "<group>"; };
		18701D64295EE96700CA0F1E /* Info.plist */ = {isa = PBXFileReference; lastKnownFileType = text.plist; path = Info.plist; sourceTree = "<group>"; };
		187E7E332943620B0000871A /* CircularWidgetView.swift */ = {isa = PBXFileReference; lastKnownFileType = sourcecode.swift; path = CircularWidgetView.swift; sourceTree = "<group>"; };
		187E7E35294362320000871A /* InlineWidgetView.swift */ = {isa = PBXFileReference; lastKnownFileType = sourcecode.swift; path = InlineWidgetView.swift; sourceTree = "<group>"; };
		187E7E37294362410000871A /* RectangularWidgetView.swift */ = {isa = PBXFileReference; lastKnownFileType = sourcecode.swift; path = RectangularWidgetView.swift; sourceTree = "<group>"; };
		18C99766298E4E2D00EDE784 /* MyTextWidgetExtension.appex */ = {isa = PBXFileReference; explicitFileType = "wrapper.app-extension"; includeInIndex = 0; path = MyTextWidgetExtension.appex; sourceTree = BUILT_PRODUCTS_DIR; };
		18C9976A298E4E2E00EDE784 /* MyTextWidgetBundle.swift */ = {isa = PBXFileReference; lastKnownFileType = sourcecode.swift; path = MyTextWidgetBundle.swift; sourceTree = "<group>"; };
		18C9976C298E4E2E00EDE784 /* MyTextWidget.swift */ = {isa = PBXFileReference; lastKnownFileType = sourcecode.swift; path = MyTextWidget.swift; sourceTree = "<group>"; };
		18C9976E298E4E2E00EDE784 /* MyTextWidget.intentdefinition */ = {isa = PBXFileReference; lastKnownFileType = file.intentdefinition; path = MyTextWidget.intentdefinition; sourceTree = "<group>"; };
		18C9976F298E4E3D00EDE784 /* Assets.xcassets */ = {isa = PBXFileReference; lastKnownFileType = folder.assetcatalog; path = Assets.xcassets; sourceTree = "<group>"; };
		18C99771298E4E3D00EDE784 /* Info.plist */ = {isa = PBXFileReference; lastKnownFileType = text.plist.xml; path = Info.plist; sourceTree = "<group>"; };
		18D194962938EC86007E343C /* SwiftSenpai-Widget-Sample.app */ = {isa = PBXFileReference; explicitFileType = wrapper.application; includeInIndex = 0; path = "SwiftSenpai-Widget-Sample.app"; sourceTree = BUILT_PRODUCTS_DIR; };
		18D194992938EC86007E343C /* SwiftSenpai_Widget_SampleApp.swift */ = {isa = PBXFileReference; lastKnownFileType = sourcecode.swift; path = SwiftSenpai_Widget_SampleApp.swift; sourceTree = "<group>"; };
		18D1949B2938EC86007E343C /* ContentView.swift */ = {isa = PBXFileReference; lastKnownFileType = sourcecode.swift; path = ContentView.swift; sourceTree = "<group>"; };
		18D1949D2938EC8A007E343C /* Assets.xcassets */ = {isa = PBXFileReference; lastKnownFileType = folder.assetcatalog; path = Assets.xcassets; sourceTree = "<group>"; };
		18D194A02938EC8A007E343C /* Preview Assets.xcassets */ = {isa = PBXFileReference; lastKnownFileType = folder.assetcatalog; path = "Preview Assets.xcassets"; sourceTree = "<group>"; };
		18D52AFE2945FDBD00BCA6E8 /* HomeScreenWidgetView.swift */ = {isa = PBXFileReference; lastKnownFileType = sourcecode.swift; path = HomeScreenWidgetView.swift; sourceTree = "<group>"; };
/* End PBXFileReference section */

/* Begin PBXFrameworksBuildPhase section */
		183798652938EE0100B15D98 /* Frameworks */ = {
			isa = PBXFrameworksBuildPhase;
			buildActionMask = 2147483647;
			files = (
				1837986D2938EE0200B15D98 /* SwiftUI.framework in Frameworks */,
				1837986B2938EE0100B15D98 /* WidgetKit.framework in Frameworks */,
			);
			runOnlyForDeploymentPostprocessing = 0;
		};
		18685FB0297EC8A500C690F7 /* Frameworks */ = {
			isa = PBXFrameworksBuildPhase;
			buildActionMask = 2147483647;
			files = (
				18685FB5297EC8A500C690F7 /* SwiftUI.framework in Frameworks */,
				18685FB4297EC8A500C690F7 /* WidgetKit.framework in Frameworks */,
			);
			runOnlyForDeploymentPostprocessing = 0;
		};
		18701D52295EE28800CA0F1E /* Frameworks */ = {
			isa = PBXFrameworksBuildPhase;
			buildActionMask = 2147483647;
			files = (
				18701D57295EE28800CA0F1E /* SwiftUI.framework in Frameworks */,
				18701D56295EE28800CA0F1E /* WidgetKit.framework in Frameworks */,
			);
			runOnlyForDeploymentPostprocessing = 0;
		};
		18C99763298E4E2C00EDE784 /* Frameworks */ = {
			isa = PBXFrameworksBuildPhase;
			buildActionMask = 2147483647;
			files = (
				18C99768298E4E2D00EDE784 /* SwiftUI.framework in Frameworks */,
				18C99767298E4E2D00EDE784 /* WidgetKit.framework in Frameworks */,
			);
			runOnlyForDeploymentPostprocessing = 0;
		};
		18D194932938EC86007E343C /* Frameworks */ = {
			isa = PBXFrameworksBuildPhase;
			buildActionMask = 2147483647;
			files = (
			);
			runOnlyForDeploymentPostprocessing = 0;
		};
/* End PBXFrameworksBuildPhase section */

/* Begin PBXGroup section */
		183798692938EE0100B15D98 /* Frameworks */ = {
			isa = PBXGroup;
			children = (
				1837986A2938EE0100B15D98 /* WidgetKit.framework */,
				1837986C2938EE0200B15D98 /* SwiftUI.framework */,
			);
			name = Frameworks;
			sourceTree = "<group>";
		};
		1837986E2938EE0200B15D98 /* ViewSizeWidget */ = {
			isa = PBXGroup;
			children = (
				187E7E322943611C0000871A /* Widget View */,
				1837986F2938EE0200B15D98 /* ViewSizeWidget.swift */,
				183798712938EE0400B15D98 /* Assets.xcassets */,
				183798732938EE0400B15D98 /* Info.plist */,
			);
			path = ViewSizeWidget;
			sourceTree = "<group>";
		};
		18685FB6297EC8A500C690F7 /* DoggyWidget */ = {
			isa = PBXGroup;
			children = (
				18685FBB297EC8A500C690F7 /* DoggyWidget.swift */,
				18685FC6297ECF8800C690F7 /* DoggyFetcher.swift */,
				18685FBD297EC8A800C690F7 /* Assets.xcassets */,
				18685FBF297EC8A800C690F7 /* Info.plist */,
			);
			path = DoggyWidget;
			sourceTree = "<group>";
		};
		18701D58295EE28800CA0F1E /* CountdownWidget */ = {
			isa = PBXGroup;
			children = (
				18701D59295EE28800CA0F1E /* CountdownWidget.swift */,
				18701D5B295EE29300CA0F1E /* Assets.xcassets */,
				18701D5D295EE29300CA0F1E /* Info.plist */,
			);
			path = CountdownWidget;
			sourceTree = "<group>";
		};
		187E7E322943611C0000871A /* Widget View */ = {
			isa = PBXGroup;
			children = (
				187E7E37294362410000871A /* RectangularWidgetView.swift */,
				187E7E332943620B0000871A /* CircularWidgetView.swift */,
				187E7E35294362320000871A /* InlineWidgetView.swift */,
				18D52AFE2945FDBD00BCA6E8 /* HomeScreenWidgetView.swift */,
			);
			path = "Widget View";
			sourceTree = "<group>";
		};
		18C99769298E4E2E00EDE784 /* MyTextWidget */ = {
			isa = PBXGroup;
			children = (
				18C9976A298E4E2E00EDE784 /* MyTextWidgetBundle.swift */,
				18C9976C298E4E2E00EDE784 /* MyTextWidget.swift */,
				18C9976E298E4E2E00EDE784 /* MyTextWidget.intentdefinition */,
				18C9976F298E4E3D00EDE784 /* Assets.xcassets */,
				18C99771298E4E3D00EDE784 /* Info.plist */,
			);
			path = MyTextWidget;
			sourceTree = "<group>";
		};
		18D1948D2938EC86007E343C = {
			isa = PBXGroup;
			children = (
				18D194982938EC86007E343C /* SwiftSenpai-Widget-Sample */,
				1837986E2938EE0200B15D98 /* ViewSizeWidget */,
				18701D58295EE28800CA0F1E /* CountdownWidget */,
				18685FB6297EC8A500C690F7 /* DoggyWidget */,
				18C99769298E4E2E00EDE784 /* MyTextWidget */,
				183798692938EE0100B15D98 /* Frameworks */,
				18D194972938EC86007E343C /* Products */,
			);
			sourceTree = "<group>";
		};
		18D194972938EC86007E343C /* Products */ = {
			isa = PBXGroup;
			children = (
				18D194962938EC86007E343C /* SwiftSenpai-Widget-Sample.app */,
				183798682938EE0100B15D98 /* ViewSizeWidgetExtension.appex */,
				18701D55295EE28800CA0F1E /* CountdownWidgetExtension.appex */,
				18685FB3297EC8A500C690F7 /* DoggyWidgetExtension.appex */,
				18C99766298E4E2D00EDE784 /* MyTextWidgetExtension.appex */,
			);
			name = Products;
			sourceTree = "<group>";
		};
		18D194982938EC86007E343C /* SwiftSenpai-Widget-Sample */ = {
			isa = PBXGroup;
			children = (
				18701D64295EE96700CA0F1E /* Info.plist */,
				18D194992938EC86007E343C /* SwiftSenpai_Widget_SampleApp.swift */,
				18D1949B2938EC86007E343C /* ContentView.swift */,
				18D1949D2938EC8A007E343C /* Assets.xcassets */,
				18D1949F2938EC8A007E343C /* Preview Content */,
			);
			path = "SwiftSenpai-Widget-Sample";
			sourceTree = "<group>";
		};
		18D1949F2938EC8A007E343C /* Preview Content */ = {
			isa = PBXGroup;
			children = (
				18D194A02938EC8A007E343C /* Preview Assets.xcassets */,
			);
			path = "Preview Content";
			sourceTree = "<group>";
		};
/* End PBXGroup section */

/* Begin PBXNativeTarget section */
		183798672938EE0100B15D98 /* ViewSizeWidgetExtension */ = {
			isa = PBXNativeTarget;
			buildConfigurationList = 1837987A2938EE0400B15D98 /* Build configuration list for PBXNativeTarget "ViewSizeWidgetExtension" */;
			buildPhases = (
				183798642938EE0100B15D98 /* Sources */,
				183798652938EE0100B15D98 /* Frameworks */,
				183798662938EE0100B15D98 /* Resources */,
			);
			buildRules = (
			);
			dependencies = (
			);
			name = ViewSizeWidgetExtension;
			productName = ViewSizeWidgetExtension;
			productReference = 183798682938EE0100B15D98 /* ViewSizeWidgetExtension.appex */;
			productType = "com.apple.product-type.app-extension";
		};
		18685FB2297EC8A500C690F7 /* DoggyWidgetExtension */ = {
			isa = PBXNativeTarget;
			buildConfigurationList = 18685FC5297EC8A900C690F7 /* Build configuration list for PBXNativeTarget "DoggyWidgetExtension" */;
			buildPhases = (
				18685FAF297EC8A500C690F7 /* Sources */,
				18685FB0297EC8A500C690F7 /* Frameworks */,
				18685FB1297EC8A500C690F7 /* Resources */,
			);
			buildRules = (
			);
			dependencies = (
			);
			name = DoggyWidgetExtension;
			productName = DoggyWidgetExtension;
			productReference = 18685FB3297EC8A500C690F7 /* DoggyWidgetExtension.appex */;
			productType = "com.apple.product-type.app-extension";
		};
		18701D54295EE28800CA0F1E /* CountdownWidgetExtension */ = {
			isa = PBXNativeTarget;
			buildConfigurationList = 18701D61295EE29300CA0F1E /* Build configuration list for PBXNativeTarget "CountdownWidgetExtension" */;
			buildPhases = (
				18701D51295EE28800CA0F1E /* Sources */,
				18701D52295EE28800CA0F1E /* Frameworks */,
				18701D53295EE28800CA0F1E /* Resources */,
			);
			buildRules = (
			);
			dependencies = (
			);
			name = CountdownWidgetExtension;
			productName = CountdownWidgetExtension;
			productReference = 18701D55295EE28800CA0F1E /* CountdownWidgetExtension.appex */;
			productType = "com.apple.product-type.app-extension";
		};
		18C99765298E4E2C00EDE784 /* MyTextWidgetExtension */ = {
			isa = PBXNativeTarget;
			buildConfigurationList = 18C99777298E4E4000EDE784 /* Build configuration list for PBXNativeTarget "MyTextWidgetExtension" */;
			buildPhases = (
				18C99762298E4E2C00EDE784 /* Sources */,
				18C99763298E4E2C00EDE784 /* Frameworks */,
				18C99764298E4E2C00EDE784 /* Resources */,
			);
			buildRules = (
			);
			dependencies = (
			);
			name = MyTextWidgetExtension;
			productName = MyTextWidgetExtension;
			productReference = 18C99766298E4E2D00EDE784 /* MyTextWidgetExtension.appex */;
			productType = "com.apple.product-type.app-extension";
		};
		18D194952938EC86007E343C /* SwiftSenpai-Widget-Sample */ = {
			isa = PBXNativeTarget;
			buildConfigurationList = 18D194A42938EC8A007E343C /* Build configuration list for PBXNativeTarget "SwiftSenpai-Widget-Sample" */;
			buildPhases = (
				18D194922938EC86007E343C /* Sources */,
				18D194932938EC86007E343C /* Frameworks */,
				18D194942938EC86007E343C /* Resources */,
				183798772938EE0400B15D98 /* Embed Foundation Extensions */,
			);
			buildRules = (
			);
			dependencies = (
				183798752938EE0400B15D98 /* PBXTargetDependency */,
				18701D5F295EE29300CA0F1E /* PBXTargetDependency */,
				18685FC1297EC8A800C690F7 /* PBXTargetDependency */,
				18C99775298E4E3E00EDE784 /* PBXTargetDependency */,
			);
			name = "SwiftSenpai-Widget-Sample";
			productName = "SwiftSenpai-Widget-Sample";
			productReference = 18D194962938EC86007E343C /* SwiftSenpai-Widget-Sample.app */;
			productType = "com.apple.product-type.application";
		};
/* End PBXNativeTarget section */

/* Begin PBXProject section */
		18D1948E2938EC86007E343C /* Project object */ = {
			isa = PBXProject;
			attributes = {
				BuildIndependentTargetsInParallel = 1;
				LastSwiftUpdateCheck = 1420;
				LastUpgradeCheck = 1400;
				TargetAttributes = {
					183798672938EE0100B15D98 = {
						CreatedOnToolsVersion = 14.0.1;
					};
					18685FB2297EC8A500C690F7 = {
						CreatedOnToolsVersion = 14.2;
					};
					18701D54295EE28800CA0F1E = {
						CreatedOnToolsVersion = 14.0.1;
					};
					18C99765298E4E2C00EDE784 = {
						CreatedOnToolsVersion = 14.2;
					};
					18D194952938EC86007E343C = {
						CreatedOnToolsVersion = 14.0.1;
					};
				};
			};
			buildConfigurationList = 18D194912938EC86007E343C /* Build configuration list for PBXProject "SwiftSenpai-Widget-Sample" */;
			compatibilityVersion = "Xcode 14.0";
			developmentRegion = en;
			hasScannedForEncodings = 0;
			knownRegions = (
				en,
				Base,
			);
			mainGroup = 18D1948D2938EC86007E343C;
			productRefGroup = 18D194972938EC86007E343C /* Products */;
			projectDirPath = "";
			projectRoot = "";
			targets = (
				18D194952938EC86007E343C /* SwiftSenpai-Widget-Sample */,
				183798672938EE0100B15D98 /* ViewSizeWidgetExtension */,
				18701D54295EE28800CA0F1E /* CountdownWidgetExtension */,
				18685FB2297EC8A500C690F7 /* DoggyWidgetExtension */,
				18C99765298E4E2C00EDE784 /* MyTextWidgetExtension */,
			);
		};
/* End PBXProject section */

/* Begin PBXResourcesBuildPhase section */
		183798662938EE0100B15D98 /* Resources */ = {
			isa = PBXResourcesBuildPhase;
			buildActionMask = 2147483647;
			files = (
				183798722938EE0400B15D98 /* Assets.xcassets in Resources */,
			);
			runOnlyForDeploymentPostprocessing = 0;
		};
		18685FB1297EC8A500C690F7 /* Resources */ = {
			isa = PBXResourcesBuildPhase;
			buildActionMask = 2147483647;
			files = (
				18685FBE297EC8A800C690F7 /* Assets.xcassets in Resources */,
			);
			runOnlyForDeploymentPostprocessing = 0;
		};
		18701D53295EE28800CA0F1E /* Resources */ = {
			isa = PBXResourcesBuildPhase;
			buildActionMask = 2147483647;
			files = (
				18701D5C295EE29300CA0F1E /* Assets.xcassets in Resources */,
			);
			runOnlyForDeploymentPostprocessing = 0;
		};
		18C99764298E4E2C00EDE784 /* Resources */ = {
			isa = PBXResourcesBuildPhase;
			buildActionMask = 2147483647;
			files = (
				18C99770298E4E3D00EDE784 /* Assets.xcassets in Resources */,
			);
			runOnlyForDeploymentPostprocessing = 0;
		};
		18D194942938EC86007E343C /* Resources */ = {
			isa = PBXResourcesBuildPhase;
			buildActionMask = 2147483647;
			files = (
				18D194A12938EC8A007E343C /* Preview Assets.xcassets in Resources */,
				18D1949E2938EC8A007E343C /* Assets.xcassets in Resources */,
			);
			runOnlyForDeploymentPostprocessing = 0;
		};
/* End PBXResourcesBuildPhase section */

/* Begin PBXSourcesBuildPhase section */
		183798642938EE0100B15D98 /* Sources */ = {
			isa = PBXSourcesBuildPhase;
			buildActionMask = 2147483647;
			files = (
				183798702938EE0200B15D98 /* ViewSizeWidget.swift in Sources */,
				187E7E38294362410000871A /* RectangularWidgetView.swift in Sources */,
				187E7E36294362320000871A /* InlineWidgetView.swift in Sources */,
				187E7E342943620B0000871A /* CircularWidgetView.swift in Sources */,
				18D52AFF2945FDBD00BCA6E8 /* HomeScreenWidgetView.swift in Sources */,
			);
			runOnlyForDeploymentPostprocessing = 0;
		};
		18685FAF297EC8A500C690F7 /* Sources */ = {
			isa = PBXSourcesBuildPhase;
			buildActionMask = 2147483647;
			files = (
				18685FC8297ED1EC00C690F7 /* DoggyFetcher.swift in Sources */,
				18685FBC297EC8A500C690F7 /* DoggyWidget.swift in Sources */,
			);
			runOnlyForDeploymentPostprocessing = 0;
		};
		18701D51295EE28800CA0F1E /* Sources */ = {
			isa = PBXSourcesBuildPhase;
			buildActionMask = 2147483647;
			files = (
				18701D5A295EE28800CA0F1E /* CountdownWidget.swift in Sources */,
			);
			runOnlyForDeploymentPostprocessing = 0;
		};
		18C99762298E4E2C00EDE784 /* Sources */ = {
			isa = PBXSourcesBuildPhase;
			buildActionMask = 2147483647;
			files = (
				18C99772298E4E3D00EDE784 /* MyTextWidget.intentdefinition in Sources */,
				18C9976D298E4E2E00EDE784 /* MyTextWidget.swift in Sources */,
				18C9976B298E4E2E00EDE784 /* MyTextWidgetBundle.swift in Sources */,
			);
			runOnlyForDeploymentPostprocessing = 0;
		};
		18D194922938EC86007E343C /* Sources */ = {
			isa = PBXSourcesBuildPhase;
			buildActionMask = 2147483647;
			files = (
				18D1949C2938EC86007E343C /* ContentView.swift in Sources */,
				18C99773298E4E3E00EDE784 /* MyTextWidget.intentdefinition in Sources */,
				18D1949A2938EC86007E343C /* SwiftSenpai_Widget_SampleApp.swift in Sources */,
			);
			runOnlyForDeploymentPostprocessing = 0;
		};
/* End PBXSourcesBuildPhase section */

/* Begin PBXTargetDependency section */
		183798752938EE0400B15D98 /* PBXTargetDependency */ = {
			isa = PBXTargetDependency;
			target = 183798672938EE0100B15D98 /* ViewSizeWidgetExtension */;
			targetProxy = 183798742938EE0400B15D98 /* PBXContainerItemProxy */;
		};
		18685FC1297EC8A800C690F7 /* PBXTargetDependency */ = {
			isa = PBXTargetDependency;
			target = 18685FB2297EC8A500C690F7 /* DoggyWidgetExtension */;
			targetProxy = 18685FC0297EC8A800C690F7 /* PBXContainerItemProxy */;
		};
		18701D5F295EE29300CA0F1E /* PBXTargetDependency */ = {
			isa = PBXTargetDependency;
			target = 18701D54295EE28800CA0F1E /* CountdownWidgetExtension */;
			targetProxy = 18701D5E295EE29300CA0F1E /* PBXContainerItemProxy */;
		};
		18C99775298E4E3E00EDE784 /* PBXTargetDependency */ = {
			isa = PBXTargetDependency;
			target = 18C99765298E4E2C00EDE784 /* MyTextWidgetExtension */;
			targetProxy = 18C99774298E4E3E00EDE784 /* PBXContainerItemProxy */;
		};
/* End PBXTargetDependency section */

/* Begin XCBuildConfiguration section */
		183798782938EE0400B15D98 /* Debug */ = {
			isa = XCBuildConfiguration;
			buildSettings = {
				ASSETCATALOG_COMPILER_GLOBAL_ACCENT_COLOR_NAME = AccentColor;
				ASSETCATALOG_COMPILER_WIDGET_BACKGROUND_COLOR_NAME = WidgetBackground;
				"CODE_SIGN_IDENTITY[sdk=iphoneos*]" = "iPhone Developer";
				CODE_SIGN_STYLE = Manual;
				CURRENT_PROJECT_VERSION = 1;
				DEVELOPMENT_TEAM = "";
				"DEVELOPMENT_TEAM[sdk=iphoneos*]" = QVEMCYHXHL;
				GENERATE_INFOPLIST_FILE = YES;
				INFOPLIST_FILE = ViewSizeWidget/Info.plist;
				INFOPLIST_KEY_CFBundleDisplayName = ViewSizeWidget;
				INFOPLIST_KEY_NSHumanReadableCopyright = "";
				LD_RUNPATH_SEARCH_PATHS = (
					"$(inherited)",
					"@executable_path/Frameworks",
					"@executable_path/../../Frameworks",
				);
				MARKETING_VERSION = 1.0;
				PRODUCT_BUNDLE_IDENTIFIER = "com.LeeKahSeng.SwiftSenpai-Widget-Sample.ViewSizeWidget";
				PRODUCT_NAME = "$(TARGET_NAME)";
				PROVISIONING_PROFILE_SPECIFIER = "";
				"PROVISIONING_PROFILE_SPECIFIER[sdk=iphoneos*]" = "yeos_lee dev profile";
				SKIP_INSTALL = YES;
				SWIFT_EMIT_LOC_STRINGS = YES;
				SWIFT_VERSION = 5.0;
				TARGETED_DEVICE_FAMILY = "1,2";
			};
			name = Debug;
		};
		183798792938EE0400B15D98 /* Release */ = {
			isa = XCBuildConfiguration;
			buildSettings = {
				ASSETCATALOG_COMPILER_GLOBAL_ACCENT_COLOR_NAME = AccentColor;
				ASSETCATALOG_COMPILER_WIDGET_BACKGROUND_COLOR_NAME = WidgetBackground;
				"CODE_SIGN_IDENTITY[sdk=iphoneos*]" = "iPhone Developer";
				CODE_SIGN_STYLE = Manual;
				CURRENT_PROJECT_VERSION = 1;
				DEVELOPMENT_TEAM = "";
				"DEVELOPMENT_TEAM[sdk=iphoneos*]" = QVEMCYHXHL;
				GENERATE_INFOPLIST_FILE = YES;
				INFOPLIST_FILE = ViewSizeWidget/Info.plist;
				INFOPLIST_KEY_CFBundleDisplayName = ViewSizeWidget;
				INFOPLIST_KEY_NSHumanReadableCopyright = "";
				LD_RUNPATH_SEARCH_PATHS = (
					"$(inherited)",
					"@executable_path/Frameworks",
					"@executable_path/../../Frameworks",
				);
				MARKETING_VERSION = 1.0;
				PRODUCT_BUNDLE_IDENTIFIER = "com.LeeKahSeng.SwiftSenpai-Widget-Sample.ViewSizeWidget";
				PRODUCT_NAME = "$(TARGET_NAME)";
				PROVISIONING_PROFILE_SPECIFIER = "";
				"PROVISIONING_PROFILE_SPECIFIER[sdk=iphoneos*]" = "yeos_lee dev profile";
				SKIP_INSTALL = YES;
				SWIFT_EMIT_LOC_STRINGS = YES;
				SWIFT_VERSION = 5.0;
				TARGETED_DEVICE_FAMILY = "1,2";
			};
			name = Release;
		};
		18685FC3297EC8A900C690F7 /* Debug */ = {
			isa = XCBuildConfiguration;
			buildSettings = {
				ASSETCATALOG_COMPILER_GLOBAL_ACCENT_COLOR_NAME = AccentColor;
				ASSETCATALOG_COMPILER_WIDGET_BACKGROUND_COLOR_NAME = WidgetBackground;
				CODE_SIGN_STYLE = Automatic;
				CURRENT_PROJECT_VERSION = 1;
				DEVELOPMENT_TEAM = QVEMCYHXHL;
				GENERATE_INFOPLIST_FILE = YES;
				INFOPLIST_FILE = DoggyWidget/Info.plist;
				INFOPLIST_KEY_CFBundleDisplayName = DoggyWidget;
				INFOPLIST_KEY_NSHumanReadableCopyright = "";
				IPHONEOS_DEPLOYMENT_TARGET = 16.0;
				LD_RUNPATH_SEARCH_PATHS = (
					"$(inherited)",
					"@executable_path/Frameworks",
					"@executable_path/../../Frameworks",
				);
				MARKETING_VERSION = 1.0;
				PRODUCT_BUNDLE_IDENTIFIER = "com.LeeKahSeng.SwiftSenpai-Widget-Sample.DoggyWidget";
				PRODUCT_NAME = "$(TARGET_NAME)";
				SKIP_INSTALL = YES;
				SWIFT_EMIT_LOC_STRINGS = YES;
				SWIFT_VERSION = 5.0;
				TARGETED_DEVICE_FAMILY = "1,2";
			};
			name = Debug;
		};
		18685FC4297EC8A900C690F7 /* Release */ = {
			isa = XCBuildConfiguration;
			buildSettings = {
				ASSETCATALOG_COMPILER_GLOBAL_ACCENT_COLOR_NAME = AccentColor;
				ASSETCATALOG_COMPILER_WIDGET_BACKGROUND_COLOR_NAME = WidgetBackground;
				CODE_SIGN_STYLE = Automatic;
				CURRENT_PROJECT_VERSION = 1;
				DEVELOPMENT_TEAM = QVEMCYHXHL;
				GENERATE_INFOPLIST_FILE = YES;
				INFOPLIST_FILE = DoggyWidget/Info.plist;
				INFOPLIST_KEY_CFBundleDisplayName = DoggyWidget;
				INFOPLIST_KEY_NSHumanReadableCopyright = "";
				IPHONEOS_DEPLOYMENT_TARGET = 16.0;
				LD_RUNPATH_SEARCH_PATHS = (
					"$(inherited)",
					"@executable_path/Frameworks",
					"@executable_path/../../Frameworks",
				);
				MARKETING_VERSION = 1.0;
				PRODUCT_BUNDLE_IDENTIFIER = "com.LeeKahSeng.SwiftSenpai-Widget-Sample.DoggyWidget";
				PRODUCT_NAME = "$(TARGET_NAME)";
				SKIP_INSTALL = YES;
				SWIFT_EMIT_LOC_STRINGS = YES;
				SWIFT_VERSION = 5.0;
				TARGETED_DEVICE_FAMILY = "1,2";
			};
			name = Release;
		};
		18701D62295EE29300CA0F1E /* Debug */ = {
			isa = XCBuildConfiguration;
			buildSettings = {
				ASSETCATALOG_COMPILER_GLOBAL_ACCENT_COLOR_NAME = AccentColor;
				ASSETCATALOG_COMPILER_WIDGET_BACKGROUND_COLOR_NAME = WidgetBackground;
				CODE_SIGN_STYLE = Automatic;
				CURRENT_PROJECT_VERSION = 1;
				DEVELOPMENT_TEAM = QVEMCYHXHL;
				GENERATE_INFOPLIST_FILE = YES;
				INFOPLIST_FILE = CountdownWidget/Info.plist;
				INFOPLIST_KEY_CFBundleDisplayName = CountdownWidget;
				INFOPLIST_KEY_NSHumanReadableCopyright = "";
				LD_RUNPATH_SEARCH_PATHS = (
					"$(inherited)",
					"@executable_path/Frameworks",
					"@executable_path/../../Frameworks",
				);
				MARKETING_VERSION = 1.0;
				PRODUCT_BUNDLE_IDENTIFIER = "com.LeeKahSeng.SwiftSenpai-Widget-Sample.CountdownWidget";
				PRODUCT_NAME = "$(TARGET_NAME)";
				SKIP_INSTALL = YES;
				SWIFT_EMIT_LOC_STRINGS = YES;
				SWIFT_VERSION = 5.0;
				TARGETED_DEVICE_FAMILY = "1,2";
			};
			name = Debug;
		};
		18701D63295EE29300CA0F1E /* Release */ = {
			isa = XCBuildConfiguration;
			buildSettings = {
				ASSETCATALOG_COMPILER_GLOBAL_ACCENT_COLOR_NAME = AccentColor;
				ASSETCATALOG_COMPILER_WIDGET_BACKGROUND_COLOR_NAME = WidgetBackground;
				CODE_SIGN_STYLE = Automatic;
				CURRENT_PROJECT_VERSION = 1;
				DEVELOPMENT_TEAM = QVEMCYHXHL;
				GENERATE_INFOPLIST_FILE = YES;
				INFOPLIST_FILE = CountdownWidget/Info.plist;
				INFOPLIST_KEY_CFBundleDisplayName = CountdownWidget;
				INFOPLIST_KEY_NSHumanReadableCopyright = "";
				LD_RUNPATH_SEARCH_PATHS = (
					"$(inherited)",
					"@executable_path/Frameworks",
					"@executable_path/../../Frameworks",
				);
				MARKETING_VERSION = 1.0;
				PRODUCT_BUNDLE_IDENTIFIER = "com.LeeKahSeng.SwiftSenpai-Widget-Sample.CountdownWidget";
				PRODUCT_NAME = "$(TARGET_NAME)";
				SKIP_INSTALL = YES;
				SWIFT_EMIT_LOC_STRINGS = YES;
				SWIFT_VERSION = 5.0;
				TARGETED_DEVICE_FAMILY = "1,2";
			};
			name = Release;
		};
		18C99778298E4E4000EDE784 /* Debug */ = {
			isa = XCBuildConfiguration;
			buildSettings = {
				ASSETCATALOG_COMPILER_GLOBAL_ACCENT_COLOR_NAME = AccentColor;
				ASSETCATALOG_COMPILER_WIDGET_BACKGROUND_COLOR_NAME = WidgetBackground;
				CODE_SIGN_STYLE = Automatic;
				CURRENT_PROJECT_VERSION = 1;
				DEVELOPMENT_TEAM = QVEMCYHXHL;
				GENERATE_INFOPLIST_FILE = YES;
				INFOPLIST_FILE = MyTextWidget/Info.plist;
				INFOPLIST_KEY_CFBundleDisplayName = MyTextWidget;
				INFOPLIST_KEY_NSHumanReadableCopyright = "";
				IPHONEOS_DEPLOYMENT_TARGET = 16.2;
				LD_RUNPATH_SEARCH_PATHS = (
					"$(inherited)",
					"@executable_path/Frameworks",
					"@executable_path/../../Frameworks",
				);
				MARKETING_VERSION = 1.0;
				PRODUCT_BUNDLE_IDENTIFIER = "com.LeeKahSeng.SwiftSenpai-Widget-Sample.MyTextWidget";
				PRODUCT_NAME = "$(TARGET_NAME)";
				SKIP_INSTALL = YES;
				SWIFT_EMIT_LOC_STRINGS = YES;
				SWIFT_VERSION = 5.0;
				TARGETED_DEVICE_FAMILY = "1,2";
			};
			name = Debug;
		};
		18C99779298E4E4000EDE784 /* Release */ = {
			isa = XCBuildConfiguration;
			buildSettings = {
				ASSETCATALOG_COMPILER_GLOBAL_ACCENT_COLOR_NAME = AccentColor;
				ASSETCATALOG_COMPILER_WIDGET_BACKGROUND_COLOR_NAME = WidgetBackground;
				CODE_SIGN_STYLE = Automatic;
				CURRENT_PROJECT_VERSION = 1;
				DEVELOPMENT_TEAM = QVEMCYHXHL;
				GENERATE_INFOPLIST_FILE = YES;
				INFOPLIST_FILE = MyTextWidget/Info.plist;
				INFOPLIST_KEY_CFBundleDisplayName = MyTextWidget;
				INFOPLIST_KEY_NSHumanReadableCopyright = "";
				IPHONEOS_DEPLOYMENT_TARGET = 16.2;
				LD_RUNPATH_SEARCH_PATHS = (
					"$(inherited)",
					"@executable_path/Frameworks",
					"@executable_path/../../Frameworks",
				);
				MARKETING_VERSION = 1.0;
				PRODUCT_BUNDLE_IDENTIFIER = "com.LeeKahSeng.SwiftSenpai-Widget-Sample.MyTextWidget";
				PRODUCT_NAME = "$(TARGET_NAME)";
				SKIP_INSTALL = YES;
				SWIFT_EMIT_LOC_STRINGS = YES;
				SWIFT_VERSION = 5.0;
				TARGETED_DEVICE_FAMILY = "1,2";
			};
			name = Release;
		};
		18D194A22938EC8A007E343C /* Debug */ = {
			isa = XCBuildConfiguration;
			buildSettings = {
				ALWAYS_SEARCH_USER_PATHS = NO;
				CLANG_ANALYZER_NONNULL = YES;
				CLANG_ANALYZER_NUMBER_OBJECT_CONVERSION = YES_AGGRESSIVE;
				CLANG_CXX_LANGUAGE_STANDARD = "gnu++20";
				CLANG_ENABLE_MODULES = YES;
				CLANG_ENABLE_OBJC_ARC = YES;
				CLANG_ENABLE_OBJC_WEAK = YES;
				CLANG_WARN_BLOCK_CAPTURE_AUTORELEASING = YES;
				CLANG_WARN_BOOL_CONVERSION = YES;
				CLANG_WARN_COMMA = YES;
				CLANG_WARN_CONSTANT_CONVERSION = YES;
				CLANG_WARN_DEPRECATED_OBJC_IMPLEMENTATIONS = YES;
				CLANG_WARN_DIRECT_OBJC_ISA_USAGE = YES_ERROR;
				CLANG_WARN_DOCUMENTATION_COMMENTS = YES;
				CLANG_WARN_EMPTY_BODY = YES;
				CLANG_WARN_ENUM_CONVERSION = YES;
				CLANG_WARN_INFINITE_RECURSION = YES;
				CLANG_WARN_INT_CONVERSION = YES;
				CLANG_WARN_NON_LITERAL_NULL_CONVERSION = YES;
				CLANG_WARN_OBJC_IMPLICIT_RETAIN_SELF = YES;
				CLANG_WARN_OBJC_LITERAL_CONVERSION = YES;
				CLANG_WARN_OBJC_ROOT_CLASS = YES_ERROR;
				CLANG_WARN_QUOTED_INCLUDE_IN_FRAMEWORK_HEADER = YES;
				CLANG_WARN_RANGE_LOOP_ANALYSIS = YES;
				CLANG_WARN_STRICT_PROTOTYPES = YES;
				CLANG_WARN_SUSPICIOUS_MOVE = YES;
				CLANG_WARN_UNGUARDED_AVAILABILITY = YES_AGGRESSIVE;
				CLANG_WARN_UNREACHABLE_CODE = YES;
				CLANG_WARN__DUPLICATE_METHOD_MATCH = YES;
				COPY_PHASE_STRIP = NO;
				DEBUG_INFORMATION_FORMAT = dwarf;
				ENABLE_STRICT_OBJC_MSGSEND = YES;
				ENABLE_TESTABILITY = YES;
				GCC_C_LANGUAGE_STANDARD = gnu11;
				GCC_DYNAMIC_NO_PIC = NO;
				GCC_NO_COMMON_BLOCKS = YES;
				GCC_OPTIMIZATION_LEVEL = 0;
				GCC_PREPROCESSOR_DEFINITIONS = (
					"DEBUG=1",
					"$(inherited)",
				);
				GCC_WARN_64_TO_32_BIT_CONVERSION = YES;
				GCC_WARN_ABOUT_RETURN_TYPE = YES_ERROR;
				GCC_WARN_UNDECLARED_SELECTOR = YES;
				GCC_WARN_UNINITIALIZED_AUTOS = YES_AGGRESSIVE;
				GCC_WARN_UNUSED_FUNCTION = YES;
				GCC_WARN_UNUSED_VARIABLE = YES;
				IPHONEOS_DEPLOYMENT_TARGET = 16.0;
				MTL_ENABLE_DEBUG_INFO = INCLUDE_SOURCE;
				MTL_FAST_MATH = YES;
				ONLY_ACTIVE_ARCH = YES;
				SDKROOT = iphoneos;
				SWIFT_ACTIVE_COMPILATION_CONDITIONS = DEBUG;
				SWIFT_OPTIMIZATION_LEVEL = "-Onone";
			};
			name = Debug;
		};
		18D194A32938EC8A007E343C /* Release */ = {
			isa = XCBuildConfiguration;
			buildSettings = {
				ALWAYS_SEARCH_USER_PATHS = NO;
				CLANG_ANALYZER_NONNULL = YES;
				CLANG_ANALYZER_NUMBER_OBJECT_CONVERSION = YES_AGGRESSIVE;
				CLANG_CXX_LANGUAGE_STANDARD = "gnu++20";
				CLANG_ENABLE_MODULES = YES;
				CLANG_ENABLE_OBJC_ARC = YES;
				CLANG_ENABLE_OBJC_WEAK = YES;
				CLANG_WARN_BLOCK_CAPTURE_AUTORELEASING = YES;
				CLANG_WARN_BOOL_CONVERSION = YES;
				CLANG_WARN_COMMA = YES;
				CLANG_WARN_CONSTANT_CONVERSION = YES;
				CLANG_WARN_DEPRECATED_OBJC_IMPLEMENTATIONS = YES;
				CLANG_WARN_DIRECT_OBJC_ISA_USAGE = YES_ERROR;
				CLANG_WARN_DOCUMENTATION_COMMENTS = YES;
				CLANG_WARN_EMPTY_BODY = YES;
				CLANG_WARN_ENUM_CONVERSION = YES;
				CLANG_WARN_INFINITE_RECURSION = YES;
				CLANG_WARN_INT_CONVERSION = YES;
				CLANG_WARN_NON_LITERAL_NULL_CONVERSION = YES;
				CLANG_WARN_OBJC_IMPLICIT_RETAIN_SELF = YES;
				CLANG_WARN_OBJC_LITERAL_CONVERSION = YES;
				CLANG_WARN_OBJC_ROOT_CLASS = YES_ERROR;
				CLANG_WARN_QUOTED_INCLUDE_IN_FRAMEWORK_HEADER = YES;
				CLANG_WARN_RANGE_LOOP_ANALYSIS = YES;
				CLANG_WARN_STRICT_PROTOTYPES = YES;
				CLANG_WARN_SUSPICIOUS_MOVE = YES;
				CLANG_WARN_UNGUARDED_AVAILABILITY = YES_AGGRESSIVE;
				CLANG_WARN_UNREACHABLE_CODE = YES;
				CLANG_WARN__DUPLICATE_METHOD_MATCH = YES;
				COPY_PHASE_STRIP = NO;
				DEBUG_INFORMATION_FORMAT = "dwarf-with-dsym";
				ENABLE_NS_ASSERTIONS = NO;
				ENABLE_STRICT_OBJC_MSGSEND = YES;
				GCC_C_LANGUAGE_STANDARD = gnu11;
				GCC_NO_COMMON_BLOCKS = YES;
				GCC_WARN_64_TO_32_BIT_CONVERSION = YES;
				GCC_WARN_ABOUT_RETURN_TYPE = YES_ERROR;
				GCC_WARN_UNDECLARED_SELECTOR = YES;
				GCC_WARN_UNINITIALIZED_AUTOS = YES_AGGRESSIVE;
				GCC_WARN_UNUSED_FUNCTION = YES;
				GCC_WARN_UNUSED_VARIABLE = YES;
				IPHONEOS_DEPLOYMENT_TARGET = 16.0;
				MTL_ENABLE_DEBUG_INFO = NO;
				MTL_FAST_MATH = YES;
				SDKROOT = iphoneos;
				SWIFT_COMPILATION_MODE = wholemodule;
				SWIFT_OPTIMIZATION_LEVEL = "-O";
				VALIDATE_PRODUCT = YES;
			};
			name = Release;
		};
		18D194A52938EC8A007E343C /* Debug */ = {
			isa = XCBuildConfiguration;
			buildSettings = {
				ALWAYS_EMBED_SWIFT_STANDARD_LIBRARIES = YES;
				ASSETCATALOG_COMPILER_APPICON_NAME = AppIcon;
				ASSETCATALOG_COMPILER_GLOBAL_ACCENT_COLOR_NAME = AccentColor;
				CODE_SIGN_STYLE = Automatic;
				CURRENT_PROJECT_VERSION = 1;
				DEVELOPMENT_ASSET_PATHS = "\"SwiftSenpai-Widget-Sample/Preview Content\"";
				DEVELOPMENT_TEAM = QVEMCYHXHL;
				ENABLE_PREVIEWS = YES;
				GENERATE_INFOPLIST_FILE = YES;
				INFOPLIST_FILE = "SwiftSenpai-Widget-Sample/Info.plist";
				INFOPLIST_KEY_CFBundleDisplayName = Widget;
				INFOPLIST_KEY_UIApplicationSceneManifest_Generation = YES;
				INFOPLIST_KEY_UIApplicationSupportsIndirectInputEvents = YES;
				INFOPLIST_KEY_UILaunchScreen_Generation = YES;
				INFOPLIST_KEY_UISupportedInterfaceOrientations_iPad = "UIInterfaceOrientationPortrait UIInterfaceOrientationPortraitUpsideDown UIInterfaceOrientationLandscapeLeft UIInterfaceOrientationLandscapeRight";
				INFOPLIST_KEY_UISupportedInterfaceOrientations_iPhone = "UIInterfaceOrientationPortrait UIInterfaceOrientationLandscapeLeft UIInterfaceOrientationLandscapeRight";
				LD_RUNPATH_SEARCH_PATHS = (
					"$(inherited)",
					"@executable_path/Frameworks",
				);
				MARKETING_VERSION = 1.0;
				PRODUCT_BUNDLE_IDENTIFIER = "com.LeeKahSeng.SwiftSenpai-Widget-Sample";
				PRODUCT_NAME = "$(TARGET_NAME)";
				SWIFT_EMIT_LOC_STRINGS = YES;
				SWIFT_VERSION = 5.0;
				TARGETED_DEVICE_FAMILY = "1,2";
			};
			name = Debug;
		};
		18D194A62938EC8A007E343C /* Release */ = {
			isa = XCBuildConfiguration;
			buildSettings = {
				ALWAYS_EMBED_SWIFT_STANDARD_LIBRARIES = YES;
				ASSETCATALOG_COMPILER_APPICON_NAME = AppIcon;
				ASSETCATALOG_COMPILER_GLOBAL_ACCENT_COLOR_NAME = AccentColor;
				CODE_SIGN_STYLE = Automatic;
				CURRENT_PROJECT_VERSION = 1;
				DEVELOPMENT_ASSET_PATHS = "\"SwiftSenpai-Widget-Sample/Preview Content\"";
				DEVELOPMENT_TEAM = QVEMCYHXHL;
				ENABLE_PREVIEWS = YES;
				GENERATE_INFOPLIST_FILE = YES;
				INFOPLIST_FILE = "SwiftSenpai-Widget-Sample/Info.plist";
				INFOPLIST_KEY_CFBundleDisplayName = Widget;
				INFOPLIST_KEY_UIApplicationSceneManifest_Generation = YES;
				INFOPLIST_KEY_UIApplicationSupportsIndirectInputEvents = YES;
				INFOPLIST_KEY_UILaunchScreen_Generation = YES;
				INFOPLIST_KEY_UISupportedInterfaceOrientations_iPad = "UIInterfaceOrientationPortrait UIInterfaceOrientationPortraitUpsideDown UIInterfaceOrientationLandscapeLeft UIInterfaceOrientationLandscapeRight";
				INFOPLIST_KEY_UISupportedInterfaceOrientations_iPhone = "UIInterfaceOrientationPortrait UIInterfaceOrientationLandscapeLeft UIInterfaceOrientationLandscapeRight";
				LD_RUNPATH_SEARCH_PATHS = (
					"$(inherited)",
					"@executable_path/Frameworks",
				);
				MARKETING_VERSION = 1.0;
				PRODUCT_BUNDLE_IDENTIFIER = "com.LeeKahSeng.SwiftSenpai-Widget-Sample";
				PRODUCT_NAME = "$(TARGET_NAME)";
				SWIFT_EMIT_LOC_STRINGS = YES;
				SWIFT_VERSION = 5.0;
				TARGETED_DEVICE_FAMILY = "1,2";
			};
			name = Release;
		};
/* End XCBuildConfiguration section */

/* Begin XCConfigurationList section */
		1837987A2938EE0400B15D98 /* Build configuration list for PBXNativeTarget "ViewSizeWidgetExtension" */ = {
			isa = XCConfigurationList;
			buildConfigurations = (
				183798782938EE0400B15D98 /* Debug */,
				183798792938EE0400B15D98 /* Release */,
			);
			defaultConfigurationIsVisible = 0;
			defaultConfigurationName = Release;
		};
		18685FC5297EC8A900C690F7 /* Build configuration list for PBXNativeTarget "DoggyWidgetExtension" */ = {
			isa = XCConfigurationList;
			buildConfigurations = (
				18685FC3297EC8A900C690F7 /* Debug */,
				18685FC4297EC8A900C690F7 /* Release */,
			);
			defaultConfigurationIsVisible = 0;
			defaultConfigurationName = Release;
		};
		18701D61295EE29300CA0F1E /* Build configuration list for PBXNativeTarget "CountdownWidgetExtension" */ = {
			isa = XCConfigurationList;
			buildConfigurations = (
				18701D62295EE29300CA0F1E /* Debug */,
				18701D63295EE29300CA0F1E /* Release */,
			);
			defaultConfigurationIsVisible = 0;
			defaultConfigurationName = Release;
		};
		18C99777298E4E4000EDE784 /* Build configuration list for PBXNativeTarget "MyTextWidgetExtension" */ = {
			isa = XCConfigurationList;
			buildConfigurations = (
				18C99778298E4E4000EDE784 /* Debug */,
				18C99779298E4E4000EDE784 /* Release */,
			);
			defaultConfigurationIsVisible = 0;
			defaultConfigurationName = Release;
		};
		18D194912938EC86007E343C /* Build configuration list for PBXProject "SwiftSenpai-Widget-Sample" */ = {
			isa = XCConfigurationList;
			buildConfigurations = (
				18D194A22938EC8A007E343C /* Debug */,
				18D194A32938EC8A007E343C /* Release */,
			);
			defaultConfigurationIsVisible = 0;
			defaultConfigurationName = Release;
		};
		18D194A42938EC8A007E343C /* Build configuration list for PBXNativeTarget "SwiftSenpai-Widget-Sample" */ = {
			isa = XCConfigurationList;
			buildConfigurations = (
				18D194A52938EC8A007E343C /* Debug */,
				18D194A62938EC8A007E343C /* Release */,
			);
			defaultConfigurationIsVisible = 0;
			defaultConfigurationName = Release;
		};
/* End XCConfigurationList section */
	};
	rootObject = 18D1948E2938EC86007E343C /* Project object */;
}
